
Microsoft Visual Studio Solution File, Format Version 12.00
# Visual Studio Version 17
VisualStudioVersion = 17.6.33815.320
MinimumVisualStudioVersion = 10.0.40219.1
Project("{FAE04EC0-301F-11D3-BF4B-00C04F79EFBC}") = "AtlusMSGEditor", "AtlusMSGEditor.csproj", "{BFE36637-AABC-4024-AA5F-862249C5F7B2}"
EndProject
Project("{9A19103F-16F7-4668-BE54-9A1E7A4F7556}") = "Amicitia.IO", "..\Amicitia.IO\src\Amicitia.IO\Amicitia.IO.csproj", "{41CC0B70-6A3A-4873-BDE7-CA451E4D0984}"
EndProject
Project("{FAE04EC0-301F-11D3-BF4B-00C04F79EFBC}") = "AtlusScriptCompiler", "..\Atlus-Script-Tools\Source\AtlusScriptCompiler\AtlusScriptCompiler.csproj", "{58E13E8A-EA32-4627-A798-58E4648D812E}"
EndProject
Project("{FAE04EC0-301F-11D3-BF4B-00C04F79EFBC}") = "AtlusScriptLibrary", "..\Atlus-Script-Tools\Source\AtlusScriptLibrary\AtlusScriptLibrary.csproj", "{62EE486F-AE33-4DBB-AC4C-409A22CB04AD}"
EndProject
Project("{FAE04EC0-301F-11D3-BF4B-00C04F79EFBC}") = "ShrineFox.IO", "..\ShrineFox.IO\ShrineFox.IO.csproj", "{7640412A-7372-4925-B20C-0178D8818A8F}"
EndProject
Project("{FAE04EC0-301F-11D3-BF4B-00C04F79EFBC}") = "AtlusFileSystemLibrary", "..\AtlusFileSystemLibrary\Source\AtlusFileSystemLibrary\AtlusFileSystemLibrary.csproj", "{9960B785-6207-44E8-BA42-EC7F6F785344}"
EndProject
Global
	GlobalSection(SolutionConfigurationPlatforms) = preSolution
		Debug|Any CPU = Debug|Any CPU
		Debug|x64 = Debug|x64
		Debug|x86 = Debug|x86
		Release|Any CPU = Release|Any CPU
		Release|x64 = Release|x64
		Release|x86 = Release|x86
	EndGlobalSection
	GlobalSection(ProjectConfigurationPlatforms) = postSolution
		{BFE36637-AABC-4024-AA5F-862249C5F7B2}.Debug|Any CPU.ActiveCfg = Debug|Any CPU
		{BFE36637-AABC-4024-AA5F-862249C5F7B2}.Debug|Any CPU.Build.0 = Debug|Any CPU
		{BFE36637-AABC-4024-AA5F-862249C5F7B2}.Debug|x64.ActiveCfg = Debug|Any CPU
		{BFE36637-AABC-4024-AA5F-862249C5F7B2}.Debug|x64.Build.0 = Debug|Any CPU
		{BFE36637-AABC-4024-AA5F-862249C5F7B2}.Debug|x86.ActiveCfg = Debug|Any CPU
		{BFE36637-AABC-4024-AA5F-862249C5F7B2}.Debug|x86.Build.0 = Debug|Any CPU
		{BFE36637-AABC-4024-AA5F-862249C5F7B2}.Release|Any CPU.ActiveCfg = Release|Any CPU
		{BFE36637-AABC-4024-AA5F-862249C5F7B2}.Release|Any CPU.Build.0 = Release|Any CPU
		{BFE36637-AABC-4024-AA5F-862249C5F7B2}.Release|x64.ActiveCfg = Release|Any CPU
		{BFE36637-AABC-4024-AA5F-862249C5F7B2}.Release|x64.Build.0 = Release|Any CPU
		{BFE36637-AABC-4024-AA5F-862249C5F7B2}.Release|x86.ActiveCfg = Release|Any CPU
		{BFE36637-AABC-4024-AA5F-862249C5F7B2}.Release|x86.Build.0 = Release|Any CPU
		{41CC0B70-6A3A-4873-BDE7-CA451E4D0984}.Debug|Any CPU.ActiveCfg = Debug|Any CPU
		{41CC0B70-6A3A-4873-BDE7-CA451E4D0984}.Debug|Any CPU.Build.0 = Debug|Any CPU
		{41CC0B70-6A3A-4873-BDE7-CA451E4D0984}.Debug|x64.ActiveCfg = Debug|Any CPU
		{41CC0B70-6A3A-4873-BDE7-CA451E4D0984}.Debug|x64.Build.0 = Debug|Any CPU
		{41CC0B70-6A3A-4873-BDE7-CA451E4D0984}.Debug|x86.ActiveCfg = Debug|Any CPU
		{41CC0B70-6A3A-4873-BDE7-CA451E4D0984}.Debug|x86.Build.0 = Debug|Any CPU
		{41CC0B70-6A3A-4873-BDE7-CA451E4D0984}.Release|Any CPU.ActiveCfg = Release|Any CPU
		{41CC0B70-6A3A-4873-BDE7-CA451E4D0984}.Release|Any CPU.Build.0 = Release|Any CPU
		{41CC0B70-6A3A-4873-BDE7-CA451E4D0984}.Release|x64.ActiveCfg = Release|Any CPU
		{41CC0B70-6A3A-4873-BDE7-CA451E4D0984}.Release|x64.Build.0 = Release|Any CPU
		{41CC0B70-6A3A-4873-BDE7-CA451E4D0984}.Release|x86.ActiveCfg = Release|Any CPU
		{41CC0B70-6A3A-4873-BDE7-CA451E4D0984}.Release|x86.Build.0 = Release|Any CPU
		{58E13E8A-EA32-4627-A798-58E4648D812E}.Debug|Any CPU.ActiveCfg = Debug|Any CPU
		{58E13E8A-EA32-4627-A798-58E4648D812E}.Debug|Any CPU.Build.0 = Debug|Any CPU
		{58E13E8A-EA32-4627-A798-58E4648D812E}.Debug|x64.ActiveCfg = Debug|Any CPU
		{58E13E8A-EA32-4627-A798-58E4648D812E}.Debug|x64.Build.0 = Debug|Any CPU
		{58E13E8A-EA32-4627-A798-58E4648D812E}.Debug|x86.ActiveCfg = Debug|Any CPU
		{58E13E8A-EA32-4627-A798-58E4648D812E}.Release|Any CPU.ActiveCfg = Release|Any CPU
		{58E13E8A-EA32-4627-A798-58E4648D812E}.Release|Any CPU.Build.0 = Release|Any CPU
		{58E13E8A-EA32-4627-A798-58E4648D812E}.Release|x64.ActiveCfg = Release|Any CPU
		{58E13E8A-EA32-4627-A798-58E4648D812E}.Release|x64.Build.0 = Release|Any CPU
		{58E13E8A-EA32-4627-A798-58E4648D812E}.Release|x86.ActiveCfg = Release|Any CPU
		{62EE486F-AE33-4DBB-AC4C-409A22CB04AD}.Debug|Any CPU.ActiveCfg = Debug|Any CPU
		{62EE486F-AE33-4DBB-AC4C-409A22CB04AD}.Debug|Any CPU.Build.0 = Debug|Any CPU
		{62EE486F-AE33-4DBB-AC4C-409A22CB04AD}.Debug|x64.ActiveCfg = Debug|Any CPU
		{62EE486F-AE33-4DBB-AC4C-409A22CB04AD}.Debug|x64.Build.0 = Debug|Any CPU
		{62EE486F-AE33-4DBB-AC4C-409A22CB04AD}.Debug|x86.ActiveCfg = Debug|Any CPU
		{62EE486F-AE33-4DBB-AC4C-409A22CB04AD}.Debug|x86.Build.0 = Debug|Any CPU
		{62EE486F-AE33-4DBB-AC4C-409A22CB04AD}.Release|Any CPU.ActiveCfg = Release|Any CPU
		{62EE486F-AE33-4DBB-AC4C-409A22CB04AD}.Release|Any CPU.Build.0 = Release|Any CPU
		{62EE486F-AE33-4DBB-AC4C-409A22CB04AD}.Release|x64.ActiveCfg = Release|Any CPU
		{62EE486F-AE33-4DBB-AC4C-409A22CB04AD}.Release|x64.Build.0 = Release|Any CPU
		{62EE486F-AE33-4DBB-AC4C-409A22CB04AD}.Release|x86.ActiveCfg = Release|Any CPU
		{62EE486F-AE33-4DBB-AC4C-409A22CB04AD}.Release|x86.Build.0 = Release|Any CPU
		{7640412A-7372-4925-B20C-0178D8818A8F}.Debug|Any CPU.ActiveCfg = Debug|Any CPU
		{7640412A-7372-4925-B20C-0178D8818A8F}.Debug|Any CPU.Build.0 = Debug|Any CPU
		{7640412A-7372-4925-B20C-0178D8818A8F}.Debug|x64.ActiveCfg = Debug|Any CPU
		{7640412A-7372-4925-B20C-0178D8818A8F}.Debug|x64.Build.0 = Debug|Any CPU
		{7640412A-7372-4925-B20C-0178D8818A8F}.Debug|x86.ActiveCfg = Debug|Any CPU
		{7640412A-7372-4925-B20C-0178D8818A8F}.Debug|x86.Build.0 = Debug|Any CPU
		{7640412A-7372-4925-B20C-0178D8818A8F}.Release|Any CPU.ActiveCfg = Release|Any CPU
		{7640412A-7372-4925-B20C-0178D8818A8F}.Release|Any CPU.Build.0 = Release|Any CPU
		{7640412A-7372-4925-B20C-0178D8818A8F}.Release|x64.ActiveCfg = Release|Any CPU
		{7640412A-7372-4925-B20C-0178D8818A8F}.Release|x64.Build.0 = Release|Any CPU
		{7640412A-7372-4925-B20C-0178D8818A8F}.Release|x86.ActiveCfg = Release|Any CPU
		{7640412A-7372-4925-B20C-0178D8818A8F}.Release|x86.Build.0 = Release|Any CPU
		{9960B785-6207-44E8-BA42-EC7F6F785344}.Debug|Any CPU.ActiveCfg = Debug|Any CPU
		{9960B785-6207-44E8-BA42-EC7F6F785344}.Debug|Any CPU.Build.0 = Debug|Any CPU
		{9960B785-6207-44E8-BA42-EC7F6F785344}.Debug|x64.ActiveCfg = Debug|x64
		{9960B785-6207-44E8-BA42-EC7F6F785344}.Debug|x64.Build.0 = Debug|x64
		{9960B785-6207-44E8-BA42-EC7F6F785344}.Debug|x86.ActiveCfg = Debug|Any CPU
		{9960B785-6207-44E8-BA42-EC7F6F785344}.Debug|x86.Build.0 = Debug|Any CPU
		{9960B785-6207-44E8-BA42-EC7F6F785344}.Release|Any CPU.ActiveCfg = Release|Any CPU
		{9960B785-6207-44E8-BA42-EC7F6F785344}.Release|Any CPU.Build.0 = Release|Any CPU
		{9960B785-6207-44E8-BA42-EC7F6F785344}.Release|x64.ActiveCfg = Release|x64
		{9960B785-6207-44E8-BA42-EC7F6F785344}.Release|x64.Build.0 = Release|x64
		{9960B785-6207-44E8-BA42-EC7F6F785344}.Release|x86.ActiveCfg = Release|Any CPU
		{9960B785-6207-44E8-BA42-EC7F6F785344}.Release|x86.Build.0 = Release|Any CPU
	EndGlobalSection
	GlobalSection(SolutionProperties) = preSolution
		HideSolutionNode = FALSE
	EndGlobalSection
	GlobalSection(ExtensibilityGlobals) = postSolution
		SolutionGuid = {F6B00081-7CF8-456E-BF3C-5941803372A6}
	EndGlobalSection
EndGlobal
